
Microsoft Visual Studio Solution File, Format Version 12.00
# Visual Studio Version 17
VisualStudioVersion = 17.7.34031.279
MinimumVisualStudioVersion = 10.0.40219.1
Project("{FAE04EC0-301F-11D3-BF4B-00C04F79EFBC}") = "Gazi.HelloWindowsSube2", "Gazi.HelloWindowsSube2\Gazi.HelloWindowsSube2.csproj", "{2260E4C5-9BE0-4882-B087-303E2C4738B7}"
EndProject
Project("{FAE04EC0-301F-11D3-BF4B-00C04F79EFBC}") = "Oyun.Model", "Oyun.Model\Oyun.Model.csproj", "{4861C492-9A55-4CE2-B24C-778D26599D1D}"
EndProject
Global
	GlobalSection(SolutionConfigurationPlatforms) = preSolution
		Debug|Any CPU = Debug|Any CPU
		Release|Any CPU = Release|Any CPU
	EndGlobalSection
	GlobalSection(ProjectConfigurationPlatforms) = postSolution
		{2260E4C5-9BE0-4882-B087-303E2C4738B7}.Debug|Any CPU.ActiveCfg = Debug|Any CPU
		{2260E4C5-9BE0-4882-B087-303E2C4738B7}.Debug|Any CPU.Build.0 = Debug|Any CPU
		{2260E4C5-9BE0-4882-B087-303E2C4738B7}.Release|Any CPU.ActiveCfg = Release|Any CPU
		{2260E4C5-9BE0-4882-B087-303E2C4738B7}.Release|Any CPU.Build.0 = Release|Any CPU
		{4861C492-9A55-4CE2-B24C-778D26599D1D}.Debug|Any CPU.ActiveCfg = Debug|Any CPU
		{4861C492-9A55-4CE2-B24C-778D26599D1D}.Debug|Any CPU.Build.0 = Debug|Any CPU
		{4861C492-9A55-4CE2-B24C-778D26599D1D}.Release|Any CPU.ActiveCfg = Release|Any CPU
		{4861C492-9A55-4CE2-B24C-778D26599D1D}.Release|Any CPU.Build.0 = Release|Any CPU
	EndGlobalSection
	GlobalSection(SolutionProperties) = preSolution
		HideSolutionNode = FALSE
	EndGlobalSection
	GlobalSection(ExtensibilityGlobals) = postSolution
		SolutionGuid = {823C6D5A-513E-4D28-9C76-FF10A82BCB11}
	EndGlobalSection
EndGlobal
